// !$*UTF8*$!
{
	archiveVersion = 1;
	classes = {
	};
	objectVersion = 56;
	objects = {

/* Begin PBXBuildFile section */
		8308C2AB29BC9C4A00CAE63F /* IFDDemoForNSOperation.m in Sources */ = {isa = PBXBuildFile; fileRef = 8308C2AA29BC9C4A00CAE63F /* IFDDemoForNSOperation.m */; };
		8308C2AE29BCE4DD00CAE63F /* IDFOperation.m in Sources */ = {isa = PBXBuildFile; fileRef = 8308C2AD29BCE4DD00CAE63F /* IDFOperation.m */; };
		8308C96C29BEB48C00CAE63F /* IFDRunLoopDemo.m in Sources */ = {isa = PBXBuildFile; fileRef = 8308C96B29BEB48C00CAE63F /* IFDRunLoopDemo.m */; };
		830B0CB429B43EE900E07786 /* IFDDemoForGCD.m in Sources */ = {isa = PBXBuildFile; fileRef = 830B0CB329B43EE900E07786 /* IFDDemoForGCD.m */; };
		83B1BEDB29B31F4000C859A4 /* AppDelegate.m in Sources */ = {isa = PBXBuildFile; fileRef = 83B1BEDA29B31F4000C859A4 /* AppDelegate.m */; };
		83B1BEDE29B31F4000C859A4 /* SceneDelegate.m in Sources */ = {isa = PBXBuildFile; fileRef = 83B1BEDD29B31F4000C859A4 /* SceneDelegate.m */; };
		83B1BEE129B31F4000C859A4 /* ViewController.m in Sources */ = {isa = PBXBuildFile; fileRef = 83B1BEE029B31F4000C859A4 /* ViewController.m */; };
		83B1BEE429B31F4000C859A4 /* Main.storyboard in Resources */ = {isa = PBXBuildFile; fileRef = 83B1BEE229B31F4000C859A4 /* Main.storyboard */; };
		83B1BEE629B31F4200C859A4 /* Assets.xcassets in Resources */ = {isa = PBXBuildFile; fileRef = 83B1BEE529B31F4200C859A4 /* Assets.xcassets */; };
		83B1BEE929B31F4200C859A4 /* LaunchScreen.storyboard in Resources */ = {isa = PBXBuildFile; fileRef = 83B1BEE729B31F4200C859A4 /* LaunchScreen.storyboard */; };
		83B1BEEC29B31F4200C859A4 /* main.m in Sources */ = {isa = PBXBuildFile; fileRef = 83B1BEEB29B31F4200C859A4 /* main.m */; };
		83B1BEF529B3281300C859A4 /* IFDKvc.m in Sources */ = {isa = PBXBuildFile; fileRef = 83B1BEF429B3281300C859A4 /* IFDKvc.m */; };
		83B1BEF829B3283700C859A4 /* IFDPropertyClass.m in Sources */ = {isa = PBXBuildFile; fileRef = 83B1BEF729B3283700C859A4 /* IFDPropertyClass.m */; };
/* End PBXBuildFile section */

/* Begin PBXFileReference section */
		8308C2A929BC9C4A00CAE63F /* IFDDemoForNSOperation.h */ = {isa = PBXFileReference; lastKnownFileType = sourcecode.c.h; path = IFDDemoForNSOperation.h; sourceTree = "<group>"; };
		8308C2AA29BC9C4A00CAE63F /* IFDDemoForNSOperation.m */ = {isa = PBXFileReference; lastKnownFileType = sourcecode.c.objc; path = IFDDemoForNSOperation.m; sourceTree = "<group>"; };
		8308C2AC29BCE4DD00CAE63F /* IDFOperation.h */ = {isa = PBXFileReference; lastKnownFileType = sourcecode.c.h; path = IDFOperation.h; sourceTree = "<group>"; };
		8308C2AD29BCE4DD00CAE63F /* IDFOperation.m */ = {isa = PBXFileReference; lastKnownFileType = sourcecode.c.objc; path = IDFOperation.m; sourceTree = "<group>"; };
		8308C96A29BEB48C00CAE63F /* IFDRunLoopDemo.h */ = {isa = PBXFileReference; lastKnownFileType = sourcecode.c.h; path = IFDRunLoopDemo.h; sourceTree = "<group>"; };
		8308C96B29BEB48C00CAE63F /* IFDRunLoopDemo.m */ = {isa = PBXFileReference; lastKnownFileType = sourcecode.c.objc; path = IFDRunLoopDemo.m; sourceTree = "<group>"; };
		830B0CB229B43EE900E07786 /* IFDDemoForGCD.h */ = {isa = PBXFileReference; lastKnownFileType = sourcecode.c.h; path = IFDDemoForGCD.h; sourceTree = "<group>"; };
		830B0CB329B43EE900E07786 /* IFDDemoForGCD.m */ = {isa = PBXFileReference; lastKnownFileType = sourcecode.c.objc; path = IFDDemoForGCD.m; sourceTree = "<group>"; };
		83B1BED629B31F4000C859A4 /* InterviewForiOSDemo.app */ = {isa = PBXFileReference; explicitFileType = wrapper.application; includeInIndex = 0; path = InterviewForiOSDemo.app; sourceTree = BUILT_PRODUCTS_DIR; };
		83B1BED929B31F4000C859A4 /* AppDelegate.h */ = {isa = PBXFileReference; lastKnownFileType = sourcecode.c.h; path = AppDelegate.h; sourceTree = "<group>"; };
		83B1BEDA29B31F4000C859A4 /* AppDelegate.m */ = {isa = PBXFileReference; lastKnownFileType = sourcecode.c.objc; path = AppDelegate.m; sourceTree = "<group>"; };
		83B1BEDC29B31F4000C859A4 /* SceneDelegate.h */ = {isa = PBXFileReference; lastKnownFileType = sourcecode.c.h; path = SceneDelegate.h; sourceTree = "<group>"; };
		83B1BEDD29B31F4000C859A4 /* SceneDelegate.m */ = {isa = PBXFileReference; lastKnownFileType = sourcecode.c.objc; path = SceneDelegate.m; sourceTree = "<group>"; };
		83B1BEDF29B31F4000C859A4 /* ViewController.h */ = {isa = PBXFileReference; lastKnownFileType = sourcecode.c.h; path = ViewController.h; sourceTree = "<group>"; };
		83B1BEE029B31F4000C859A4 /* ViewController.m */ = {isa = PBXFileReference; lastKnownFileType = sourcecode.c.objc; path = ViewController.m; sourceTree = "<group>"; };
		83B1BEE329B31F4000C859A4 /* Base */ = {isa = PBXFileReference; lastKnownFileType = file.storyboard; name = Base; path = Base.lproj/Main.storyboard; sourceTree = "<group>"; };
		83B1BEE529B31F4200C859A4 /* Assets.xcassets */ = {isa = PBXFileReference; lastKnownFileType = folder.assetcatalog; path = Assets.xcassets; sourceTree = "<group>"; };
		83B1BEE829B31F4200C859A4 /* Base */ = {isa = PBXFileReference; lastKnownFileType = file.storyboard; name = Base; path = Base.lproj/LaunchScreen.storyboard; sourceTree = "<group>"; };
		83B1BEEA29B31F4200C859A4 /* Info.plist */ = {isa = PBXFileReference; lastKnownFileType = text.plist.xml; path = Info.plist; sourceTree = "<group>"; };
		83B1BEEB29B31F4200C859A4 /* main.m */ = {isa = PBXFileReference; lastKnownFileType = sourcecode.c.objc; path = main.m; sourceTree = "<group>"; };
		83B1BEF329B3281300C859A4 /* IFDKvc.h */ = {isa = PBXFileReference; lastKnownFileType = sourcecode.c.h; path = IFDKvc.h; sourceTree = "<group>"; };
		83B1BEF429B3281300C859A4 /* IFDKvc.m */ = {isa = PBXFileReference; lastKnownFileType = sourcecode.c.objc; path = IFDKvc.m; sourceTree = "<group>"; };
		83B1BEF629B3283700C859A4 /* IFDPropertyClass.h */ = {isa = PBXFileReference; lastKnownFileType = sourcecode.c.h; path = IFDPropertyClass.h; sourceTree = "<group>"; };
		83B1BEF729B3283700C859A4 /* IFDPropertyClass.m */ = {isa = PBXFileReference; lastKnownFileType = sourcecode.c.objc; path = IFDPropertyClass.m; sourceTree = "<group>"; };
/* End PBXFileReference section */

/* Begin PBXFrameworksBuildPhase section */
		83B1BED329B31F4000C859A4 /* Frameworks */ = {
			isa = PBXFrameworksBuildPhase;
			buildActionMask = 2147483647;
			files = (
			);
			runOnlyForDeploymentPostprocessing = 0;
		};
/* End PBXFrameworksBuildPhase section */

/* Begin PBXGroup section */
		8308C2A829BC9A3F00CAE63F /* Operation */ = {
			isa = PBXGroup;
			children = (
				8308C2A929BC9C4A00CAE63F /* IFDDemoForNSOperation.h */,
				8308C2AA29BC9C4A00CAE63F /* IFDDemoForNSOperation.m */,
				8308C2AC29BCE4DD00CAE63F /* IDFOperation.h */,
				8308C2AD29BCE4DD00CAE63F /* IDFOperation.m */,
			);
			path = Operation;
			sourceTree = "<group>";
		};
		83B1BECD29B31F4000C859A4 = {
			isa = PBXGroup;
			children = (
				83B1BED829B31F4000C859A4 /* InterviewForiOSDemo */,
				83B1BED729B31F4000C859A4 /* Products */,
			);
			sourceTree = "<group>";
		};
		83B1BED729B31F4000C859A4 /* Products */ = {
			isa = PBXGroup;
			children = (
				83B1BED629B31F4000C859A4 /* InterviewForiOSDemo.app */,
			);
			name = Products;
			sourceTree = "<group>";
		};
		83B1BED829B31F4000C859A4 /* InterviewForiOSDemo */ = {
			isa = PBXGroup;
			children = (
				83B1BED929B31F4000C859A4 /* AppDelegate.h */,
				83B1BEDA29B31F4000C859A4 /* AppDelegate.m */,
				83B1BEDC29B31F4000C859A4 /* SceneDelegate.h */,
				83B1BEDD29B31F4000C859A4 /* SceneDelegate.m */,
				83B1BEDF29B31F4000C859A4 /* ViewController.h */,
				83B1BEE029B31F4000C859A4 /* ViewController.m */,
				83B1BEF229B327EC00C859A4 /* Class */,
				83B1BEE229B31F4000C859A4 /* Main.storyboard */,
				83B1BEE529B31F4200C859A4 /* Assets.xcassets */,
				83B1BEE729B31F4200C859A4 /* LaunchScreen.storyboard */,
				83B1BEEA29B31F4200C859A4 /* Info.plist */,
				83B1BEEB29B31F4200C859A4 /* main.m */,
			);
			path = InterviewForiOSDemo;
			sourceTree = "<group>";
		};
		83B1BEF229B327EC00C859A4 /* Class */ = {
			isa = PBXGroup;
			children = (
				83B1BEF329B3281300C859A4 /* IFDKvc.h */,
				83B1BEF429B3281300C859A4 /* IFDKvc.m */,
				83B1BEF629B3283700C859A4 /* IFDPropertyClass.h */,
				83B1BEF729B3283700C859A4 /* IFDPropertyClass.m */,
				830B0CB229B43EE900E07786 /* IFDDemoForGCD.h */,
				830B0CB329B43EE900E07786 /* IFDDemoForGCD.m */,
				8308C2A829BC9A3F00CAE63F /* Operation */,
				8308C96A29BEB48C00CAE63F /* IFDRunLoopDemo.h */,
				8308C96B29BEB48C00CAE63F /* IFDRunLoopDemo.m */,
			);
			path = Class;
			sourceTree = "<group>";
		};
/* End PBXGroup section */

/* Begin PBXNativeTarget section */
		83B1BED529B31F4000C859A4 /* InterviewForiOSDemo */ = {
			isa = PBXNativeTarget;
			buildConfigurationList = 83B1BEEF29B31F4200C859A4 /* Build configuration list for PBXNativeTarget "InterviewForiOSDemo" */;
			buildPhases = (
				83B1BED229B31F4000C859A4 /* Sources */,
				83B1BED329B31F4000C859A4 /* Frameworks */,
				83B1BED429B31F4000C859A4 /* Resources */,
			);
			buildRules = (
			);
			dependencies = (
			);
			name = InterviewForiOSDemo;
			productName = InterviewForiOSDemo;
			productReference = 83B1BED629B31F4000C859A4 /* InterviewForiOSDemo.app */;
			productType = "com.apple.product-type.application";
		};
/* End PBXNativeTarget section */

/* Begin PBXProject section */
		83B1BECE29B31F4000C859A4 /* Project object */ = {
			isa = PBXProject;
			attributes = {
				BuildIndependentTargetsInParallel = 1;
				LastUpgradeCheck = 1410;
				TargetAttributes = {
					83B1BED529B31F4000C859A4 = {
						CreatedOnToolsVersion = 14.1;
					};
				};
			};
			buildConfigurationList = 83B1BED129B31F4000C859A4 /* Build configuration list for PBXProject "InterviewForiOSDemo" */;
			compatibilityVersion = "Xcode 14.0";
			developmentRegion = en;
			hasScannedForEncodings = 0;
			knownRegions = (
				en,
				Base,
			);
			mainGroup = 83B1BECD29B31F4000C859A4;
			productRefGroup = 83B1BED729B31F4000C859A4 /* Products */;
			projectDirPath = "";
			projectRoot = "";
			targets = (
				83B1BED529B31F4000C859A4 /* InterviewForiOSDemo */,
			);
		};
/* End PBXProject section */

/* Begin PBXResourcesBuildPhase section */
		83B1BED429B31F4000C859A4 /* Resources */ = {
			isa = PBXResourcesBuildPhase;
			buildActionMask = 2147483647;
			files = (
				83B1BEE929B31F4200C859A4 /* LaunchScreen.storyboard in Resources */,
				83B1BEE629B31F4200C859A4 /* Assets.xcassets in Resources */,
				83B1BEE429B31F4000C859A4 /* Main.storyboard in Resources */,
			);
			runOnlyForDeploymentPostprocessing = 0;
		};
/* End PBXResourcesBuildPhase section */

/* Begin PBXSourcesBuildPhase section */
		83B1BED229B31F4000C859A4 /* Sources */ = {
			isa = PBXSourcesBuildPhase;
			buildActionMask = 2147483647;
			files = (
				8308C96C29BEB48C00CAE63F /* IFDRunLoopDemo.m in Sources */,
				83B1BEE129B31F4000C859A4 /* ViewController.m in Sources */,
				8308C2AE29BCE4DD00CAE63F /* IDFOperation.m in Sources */,
				83B1BEF529B3281300C859A4 /* IFDKvc.m in Sources */,
				83B1BEDB29B31F4000C859A4 /* AppDelegate.m in Sources */,
				8308C2AB29BC9C4A00CAE63F /* IFDDemoForNSOperation.m in Sources */,
				830B0CB429B43EE900E07786 /* IFDDemoForGCD.m in Sources */,
				83B1BEF829B3283700C859A4 /* IFDPropertyClass.m in Sources */,
				83B1BEEC29B31F4200C859A4 /* main.m in Sources */,
				83B1BEDE29B31F4000C859A4 /* SceneDelegate.m in Sources */,
			);
			runOnlyForDeploymentPostprocessing = 0;
		};
/* End PBXSourcesBuildPhase section */

/* Begin PBXVariantGroup section */
		83B1BEE229B31F4000C859A4 /* Main.storyboard */ = {
			isa = PBXVariantGroup;
			children = (
				83B1BEE329B31F4000C859A4 /* Base */,
			);
			name = Main.storyboard;
			sourceTree = "<group>";
		};
		83B1BEE729B31F4200C859A4 /* LaunchScreen.storyboard */ = {
			isa = PBXVariantGroup;
			children = (
				83B1BEE829B31F4200C859A4 /* Base */,
			);
			name = LaunchScreen.storyboard;
			sourceTree = "<group>";
		};
/* End PBXVariantGroup section */

/* Begin XCBuildConfiguration section */
		83B1BEED29B31F4200C859A4 /* Debug */ = {
			isa = XCBuildConfiguration;
			buildSettings = {
				ALWAYS_SEARCH_USER_PATHS = NO;
				CLANG_ANALYZER_NONNULL = YES;
				CLANG_ANALYZER_NUMBER_OBJECT_CONVERSION = YES_AGGRESSIVE;
				CLANG_CXX_LANGUAGE_STANDARD = "gnu++20";
				CLANG_ENABLE_MODULES = YES;
				CLANG_ENABLE_OBJC_ARC = YES;
				CLANG_ENABLE_OBJC_WEAK = YES;
				CLANG_WARN_BLOCK_CAPTURE_AUTORELEASING = YES;
				CLANG_WARN_BOOL_CONVERSION = YES;
				CLANG_WARN_COMMA = YES;
				CLANG_WARN_CONSTANT_CONVERSION = YES;
				CLANG_WARN_DEPRECATED_OBJC_IMPLEMENTATIONS = YES;
				CLANG_WARN_DIRECT_OBJC_ISA_USAGE = YES_ERROR;
				CLANG_WARN_DOCUMENTATION_COMMENTS = YES;
				CLANG_WARN_EMPTY_BODY = YES;
				CLANG_WARN_ENUM_CONVERSION = YES;
				CLANG_WARN_INFINITE_RECURSION = YES;
				CLANG_WARN_INT_CONVERSION = YES;
				CLANG_WARN_NON_LITERAL_NULL_CONVERSION = YES;
				CLANG_WARN_OBJC_IMPLICIT_RETAIN_SELF = YES;
				CLANG_WARN_OBJC_LITERAL_CONVERSION = YES;
				CLANG_WARN_OBJC_ROOT_CLASS = YES_ERROR;
				CLANG_WARN_QUOTED_INCLUDE_IN_FRAMEWORK_HEADER = YES;
				CLANG_WARN_RANGE_LOOP_ANALYSIS = YES;
				CLANG_WARN_STRICT_PROTOTYPES = YES;
				CLANG_WARN_SUSPICIOUS_MOVE = YES;
				CLANG_WARN_UNGUARDED_AVAILABILITY = YES_AGGRESSIVE;
				CLANG_WARN_UNREACHABLE_CODE = YES;
				CLANG_WARN__DUPLICATE_METHOD_MATCH = YES;
				COPY_PHASE_STRIP = NO;
				DEBUG_INFORMATION_FORMAT = dwarf;
				ENABLE_STRICT_OBJC_MSGSEND = YES;
				ENABLE_TESTABILITY = YES;
				GCC_C_LANGUAGE_STANDARD = gnu11;
				GCC_DYNAMIC_NO_PIC = NO;
				GCC_NO_COMMON_BLOCKS = YES;
				GCC_OPTIMIZATION_LEVEL = 0;
				GCC_PREPROCESSOR_DEFINITIONS = (
					"DEBUG=1",
					"$(inherited)",
				);
				GCC_WARN_64_TO_32_BIT_CONVERSION = YES;
				GCC_WARN_ABOUT_RETURN_TYPE = YES_ERROR;
				GCC_WARN_UNDECLARED_SELECTOR = YES;
				GCC_WARN_UNINITIALIZED_AUTOS = YES_AGGRESSIVE;
				GCC_WARN_UNUSED_FUNCTION = YES;
				GCC_WARN_UNUSED_VARIABLE = YES;
				IPHONEOS_DEPLOYMENT_TARGET = 16.1;
				MTL_ENABLE_DEBUG_INFO = INCLUDE_SOURCE;
				MTL_FAST_MATH = YES;
				ONLY_ACTIVE_ARCH = YES;
				SDKROOT = iphoneos;
			};
			name = Debug;
		};
		83B1BEEE29B31F4200C859A4 /* Release */ = {
			isa = XCBuildConfiguration;
			buildSettings = {
				ALWAYS_SEARCH_USER_PATHS = NO;
				CLANG_ANALYZER_NONNULL = YES;
				CLANG_ANALYZER_NUMBER_OBJECT_CONVERSION = YES_AGGRESSIVE;
				CLANG_CXX_LANGUAGE_STANDARD = "gnu++20";
				CLANG_ENABLE_MODULES = YES;
				CLANG_ENABLE_OBJC_ARC = YES;
				CLANG_ENABLE_OBJC_WEAK = YES;
				CLANG_WARN_BLOCK_CAPTURE_AUTORELEASING = YES;
				CLANG_WARN_BOOL_CONVERSION = YES;
				CLANG_WARN_COMMA = YES;
				CLANG_WARN_CONSTANT_CONVERSION = YES;
				CLANG_WARN_DEPRECATED_OBJC_IMPLEMENTATIONS = YES;
				CLANG_WARN_DIRECT_OBJC_ISA_USAGE = YES_ERROR;
				CLANG_WARN_DOCUMENTATION_COMMENTS = YES;
				CLANG_WARN_EMPTY_BODY = YES;
				CLANG_WARN_ENUM_CONVERSION = YES;
				CLANG_WARN_INFINITE_RECURSION = YES;
				CLANG_WARN_INT_CONVERSION = YES;
				CLANG_WARN_NON_LITERAL_NULL_CONVERSION = YES;
				CLANG_WARN_OBJC_IMPLICIT_RETAIN_SELF = YES;
				CLANG_WARN_OBJC_LITERAL_CONVERSION = YES;
				CLANG_WARN_OBJC_ROOT_CLASS = YES_ERROR;
				CLANG_WARN_QUOTED_INCLUDE_IN_FRAMEWORK_HEADER = YES;
				CLANG_WARN_RANGE_LOOP_ANALYSIS = YES;
				CLANG_WARN_STRICT_PROTOTYPES = YES;
				CLANG_WARN_SUSPICIOUS_MOVE = YES;
				CLANG_WARN_UNGUARDED_AVAILABILITY = YES_AGGRESSIVE;
				CLANG_WARN_UNREACHABLE_CODE = YES;
				CLANG_WARN__DUPLICATE_METHOD_MATCH = YES;
				COPY_PHASE_STRIP = NO;
				DEBUG_INFORMATION_FORMAT = "dwarf-with-dsym";
				ENABLE_NS_ASSERTIONS = NO;
				ENABLE_STRICT_OBJC_MSGSEND = YES;
				GCC_C_LANGUAGE_STANDARD = gnu11;
				GCC_NO_COMMON_BLOCKS = YES;
				GCC_WARN_64_TO_32_BIT_CONVERSION = YES;
				GCC_WARN_ABOUT_RETURN_TYPE = YES_ERROR;
				GCC_WARN_UNDECLARED_SELECTOR = YES;
				GCC_WARN_UNINITIALIZED_AUTOS = YES_AGGRESSIVE;
				GCC_WARN_UNUSED_FUNCTION = YES;
				GCC_WARN_UNUSED_VARIABLE = YES;
				IPHONEOS_DEPLOYMENT_TARGET = 16.1;
				MTL_ENABLE_DEBUG_INFO = NO;
				MTL_FAST_MATH = YES;
				SDKROOT = iphoneos;
				VALIDATE_PRODUCT = YES;
			};
			name = Release;
		};
		83B1BEF029B31F4200C859A4 /* Debug */ = {
			isa = XCBuildConfiguration;
			buildSettings = {
				ASSETCATALOG_COMPILER_APPICON_NAME = AppIcon;
				ASSETCATALOG_COMPILER_GLOBAL_ACCENT_COLOR_NAME = AccentColor;
				CODE_SIGN_STYLE = Automatic;
				CURRENT_PROJECT_VERSION = 1;
				DEVELOPMENT_TEAM = A9625W4TDN;
				GENERATE_INFOPLIST_FILE = YES;
				INFOPLIST_FILE = InterviewForiOSDemo/Info.plist;
				INFOPLIST_KEY_UIApplicationSupportsIndirectInputEvents = YES;
				INFOPLIST_KEY_UILaunchStoryboardName = LaunchScreen;
				INFOPLIST_KEY_UIMainStoryboardFile = Main;
				INFOPLIST_KEY_UISupportedInterfaceOrientations_iPad = "UIInterfaceOrientationPortrait UIInterfaceOrientationPortraitUpsideDown UIInterfaceOrientationLandscapeLeft UIInterfaceOrientationLandscapeRight";
				INFOPLIST_KEY_UISupportedInterfaceOrientations_iPhone = "UIInterfaceOrientationPortrait UIInterfaceOrientationLandscapeLeft UIInterfaceOrientationLandscapeRight";
				IPHONEOS_DEPLOYMENT_TARGET = 14.0;
				LD_RUNPATH_SEARCH_PATHS = (
					"$(inherited)",
					"@executable_path/Frameworks",
				);
				MARKETING_VERSION = 1.0;
				PRODUCT_BUNDLE_IDENTIFIER = huaweiluo.com.InterviewForiOSDemo;
				PRODUCT_NAME = "$(TARGET_NAME)";
				SWIFT_EMIT_LOC_STRINGS = YES;
				TARGETED_DEVICE_FAMILY = "1,2";
			};
			name = Debug;
		};
		83B1BEF129B31F4200C859A4 /* Release */ = {
			isa = XCBuildConfiguration;
			buildSettings = {
				ASSETCATALOG_COMPILER_APPICON_NAME = AppIcon;
				ASSETCATALOG_COMPILER_GLOBAL_ACCENT_COLOR_NAME = AccentColor;
				CODE_SIGN_STYLE = Automatic;
				CURRENT_PROJECT_VERSION = 1;
				DEVELOPMENT_TEAM = A9625W4TDN;
				GENERATE_INFOPLIST_FILE = YES;
				INFOPLIST_FILE = InterviewForiOSDemo/Info.plist;
				INFOPLIST_KEY_UIApplicationSupportsIndirectInputEvents = YES;
				INFOPLIST_KEY_UILaunchStoryboardName = LaunchScreen;
				INFOPLIST_KEY_UIMainStoryboardFile = Main;
				INFOPLIST_KEY_UISupportedInterfaceOrientations_iPad = "UIInterfaceOrientationPortrait UIInterfaceOrientationPortraitUpsideDown UIInterfaceOrientationLandscapeLeft UIInterfaceOrientationLandscapeRight";
				INFOPLIST_KEY_UISupportedInterfaceOrientations_iPhone = "UIInterfaceOrientationPortrait UIInterfaceOrientationLandscapeLeft UIInterfaceOrientationLandscapeRight";
				IPHONEOS_DEPLOYMENT_TARGET = 14.0;
				LD_RUNPATH_SEARCH_PATHS = (
					"$(inherited)",
					"@executable_path/Frameworks",
				);
				MARKETING_VERSION = 1.0;
				PRODUCT_BUNDLE_IDENTIFIER = huaweiluo.com.InterviewForiOSDemo;
				PRODUCT_NAME = "$(TARGET_NAME)";
				SWIFT_EMIT_LOC_STRINGS = YES;
				TARGETED_DEVICE_FAMILY = "1,2";
			};
			name = Release;
		};
/* End XCBuildConfiguration section */

/* Begin XCConfigurationList section */
		83B1BED129B31F4000C859A4 /* Build configuration list for PBXProject "InterviewForiOSDemo" */ = {
			isa = XCConfigurationList;
			buildConfigurations = (
				83B1BEED29B31F4200C859A4 /* Debug */,
				83B1BEEE29B31F4200C859A4 /* Release */,
			);
			defaultConfigurationIsVisible = 0;
			defaultConfigurationName = Release;
		};
		83B1BEEF29B31F4200C859A4 /* Build configuration list for PBXNativeTarget "InterviewForiOSDemo" */ = {
			isa = XCConfigurationList;
			buildConfigurations = (
				83B1BEF029B31F4200C859A4 /* Debug */,
				83B1BEF129B31F4200C859A4 /* Release */,
			);
			defaultConfigurationIsVisible = 0;
			defaultConfigurationName = Release;
		};
/* End XCConfigurationList section */
	};
	rootObject = 83B1BECE29B31F4000C859A4 /* Project object */;
}
